
Microsoft Visual Studio Solution File, Format Version 12.00
# Visual Studio 15
VisualStudioVersion = 15.0.27130.2010
MinimumVisualStudioVersion = 10.0.40219.1
Project("{8BC9CEB8-8B4A-11D0-8D11-00A0C91BC942}") = "RetuEngine", "RetuEngine\Vulkan.vcxproj", "{171C774D-1D44-45C1-BAC1-04461B84DAC1}"
EndProject
Project("{8BC9CEB8-8B4A-11D0-8D11-00A0C91BC942}") = "Game", "Game\Game.vcxproj", "{355662EF-BA58-419F-AA96-2EDD66B32C04}"
	ProjectSection(ProjectDependencies) = postProject
		{171C774D-1D44-45C1-BAC1-04461B84DAC1} = {171C774D-1D44-45C1-BAC1-04461B84DAC1}
	EndProjectSection
EndProject
Global
	GlobalSection(SolutionConfigurationPlatforms) = preSolution
		Debug|x64 = Debug|x64
		Debug|x86 = Debug|x86
		Release|x64 = Release|x64
		Release|x86 = Release|x86
	EndGlobalSection
	GlobalSection(ProjectConfigurationPlatforms) = postSolution
		{171C774D-1D44-45C1-BAC1-04461B84DAC1}.Debug|x64.ActiveCfg = Debug|x64
		{171C774D-1D44-45C1-BAC1-04461B84DAC1}.Debug|x64.Build.0 = Debug|x64
		{171C774D-1D44-45C1-BAC1-04461B84DAC1}.Debug|x86.ActiveCfg = Debug|x64
		{171C774D-1D44-45C1-BAC1-04461B84DAC1}.Release|x64.ActiveCfg = Release|x64
		{171C774D-1D44-45C1-BAC1-04461B84DAC1}.Release|x64.Build.0 = Release|x64
		{171C774D-1D44-45C1-BAC1-04461B84DAC1}.Release|x86.ActiveCfg = Release|x64
		{355662EF-BA58-419F-AA96-2EDD66B32C04}.Debug|x64.ActiveCfg = Debug|x64
		{355662EF-BA58-419F-AA96-2EDD66B32C04}.Debug|x64.Build.0 = Debug|x64
		{355662EF-BA58-419F-AA96-2EDD66B32C04}.Debug|x86.ActiveCfg = Debug|Win32
		{355662EF-BA58-419F-AA96-2EDD66B32C04}.Debug|x86.Build.0 = Debug|Win32
		{355662EF-BA58-419F-AA96-2EDD66B32C04}.Release|x64.ActiveCfg = Release|x64
		{355662EF-BA58-419F-AA96-2EDD66B32C04}.Release|x64.Build.0 = Release|x64
		{355662EF-BA58-419F-AA96-2EDD66B32C04}.Release|x86.ActiveCfg = Release|Win32
		{355662EF-BA58-419F-AA96-2EDD66B32C04}.Release|x86.Build.0 = Release|Win32
	EndGlobalSection
	GlobalSection(SolutionProperties) = preSolution
		HideSolutionNode = FALSE
	EndGlobalSection
	GlobalSection(ExtensibilityGlobals) = postSolution
		SolutionGuid = {AECE2846-65F7-4E9D-AACF-A342E3297A8F}
	EndGlobalSection
EndGlobal
